
Microsoft Visual Studio Solution File, Format Version 12.00
# Visual Studio Version 17
VisualStudioVersion = 17.1.32414.318
MinimumVisualStudioVersion = 10.0.40219.1
Project("{9A19103F-16F7-4668-BE54-9A1E7A4F7556}") = "OOP-L3", "OOP-L3\OOP-L3.csproj", "{88F944AD-2FBF-4D40-8EE2-F32344F3FC2D}"
EndProject
Project("{FAE04EC0-301F-11D3-BF4B-00C04F79EFBC}") = "MyLib", "MyLib\MyLib.csproj", "{828806A2-8C7E-425C-8064-88C6EBBD3543}"
EndProject
Global
	GlobalSection(SolutionConfigurationPlatforms) = preSolution
		Debug|Any CPU = Debug|Any CPU
		Release|Any CPU = Release|Any CPU
	EndGlobalSection
	GlobalSection(ProjectConfigurationPlatforms) = postSolution
		{88F944AD-2FBF-4D40-8EE2-F32344F3FC2D}.Debug|Any CPU.ActiveCfg = Debug|Any CPU
		{88F944AD-2FBF-4D40-8EE2-F32344F3FC2D}.Debug|Any CPU.Build.0 = Debug|Any CPU
		{88F944AD-2FBF-4D40-8EE2-F32344F3FC2D}.Release|Any CPU.ActiveCfg = Release|Any CPU
		{88F944AD-2FBF-4D40-8EE2-F32344F3FC2D}.Release|Any CPU.Build.0 = Release|Any CPU
		{828806A2-8C7E-425C-8064-88C6EBBD3543}.Debug|Any CPU.ActiveCfg = Debug|Any CPU
		{828806A2-8C7E-425C-8064-88C6EBBD3543}.Debug|Any CPU.Build.0 = Debug|Any CPU
		{828806A2-8C7E-425C-8064-88C6EBBD3543}.Release|Any CPU.ActiveCfg = Release|Any CPU
		{828806A2-8C7E-425C-8064-88C6EBBD3543}.Release|Any CPU.Build.0 = Release|Any CPU
	EndGlobalSection
	GlobalSection(SolutionProperties) = preSolution
		HideSolutionNode = FALSE
	EndGlobalSection
	GlobalSection(ExtensibilityGlobals) = postSolution
		SolutionGuid = {0DA22B88-9EC1-46B0-A3C4-3413EB6865BC}
	EndGlobalSection
EndGlobal
